
Microsoft Visual Studio Solution File, Format Version 12.00
# Visual Studio Version 16
VisualStudioVersion = 16.0.33214.272
MinimumVisualStudioVersion = 10.0.40219.1
Project("{9A19103F-16F7-4668-BE54-9A1E7A4F7556}") = "PvtLibrary3", "PvtLibrary3\PvtLibrary3.csproj", "{C9DD2558-65F8-4DFE-A4DA-B5790432585C}"
EndProject
Project("{FAE04EC0-301F-11D3-BF4B-00C04F79EFBC}") = "PvtConsoleTest", "PvtConsoleTest\PvtConsoleTest.csproj", "{265209CD-A0D4-402D-BE71-7DAD2FCBC4D1}"
EndProject
Project("{9A19103F-16F7-4668-BE54-9A1E7A4F7556}") = "PvtLibrary.test", "PvtLibrary.test\PvtLibrary.test.csproj", "{2F469C7F-32C3-49D9-97E9-FC47EF6D1861}"
EndProject
Project("{FAE04EC0-301F-11D3-BF4B-00C04F79EFBC}") = "PrintService", "PrintService\PrintService.csproj", "{193B13D0-65A8-4B67-9499-A425BFBB21E3}"
EndProject
Global
	GlobalSection(SolutionConfigurationPlatforms) = preSolution
		Debug|Any CPU = Debug|Any CPU
		Release|Any CPU = Release|Any CPU
	EndGlobalSection
	GlobalSection(ProjectConfigurationPlatforms) = postSolution
		{C9DD2558-65F8-4DFE-A4DA-B5790432585C}.Debug|Any CPU.ActiveCfg = Debug|Any CPU
		{C9DD2558-65F8-4DFE-A4DA-B5790432585C}.Debug|Any CPU.Build.0 = Debug|Any CPU
		{C9DD2558-65F8-4DFE-A4DA-B5790432585C}.Release|Any CPU.ActiveCfg = Release|Any CPU
		{C9DD2558-65F8-4DFE-A4DA-B5790432585C}.Release|Any CPU.Build.0 = Release|Any CPU
		{265209CD-A0D4-402D-BE71-7DAD2FCBC4D1}.Debug|Any CPU.ActiveCfg = Debug|Any CPU
		{265209CD-A0D4-402D-BE71-7DAD2FCBC4D1}.Debug|Any CPU.Build.0 = Debug|Any CPU
		{265209CD-A0D4-402D-BE71-7DAD2FCBC4D1}.Release|Any CPU.ActiveCfg = Release|Any CPU
		{265209CD-A0D4-402D-BE71-7DAD2FCBC4D1}.Release|Any CPU.Build.0 = Release|Any CPU
		{2F469C7F-32C3-49D9-97E9-FC47EF6D1861}.Debug|Any CPU.ActiveCfg = Debug|Any CPU
		{2F469C7F-32C3-49D9-97E9-FC47EF6D1861}.Debug|Any CPU.Build.0 = Debug|Any CPU
		{2F469C7F-32C3-49D9-97E9-FC47EF6D1861}.Release|Any CPU.ActiveCfg = Release|Any CPU
		{2F469C7F-32C3-49D9-97E9-FC47EF6D1861}.Release|Any CPU.Build.0 = Release|Any CPU
		{193B13D0-65A8-4B67-9499-A425BFBB21E3}.Debug|Any CPU.ActiveCfg = Debug|Any CPU
		{193B13D0-65A8-4B67-9499-A425BFBB21E3}.Debug|Any CPU.Build.0 = Debug|Any CPU
		{193B13D0-65A8-4B67-9499-A425BFBB21E3}.Release|Any CPU.ActiveCfg = Release|Any CPU
		{193B13D0-65A8-4B67-9499-A425BFBB21E3}.Release|Any CPU.Build.0 = Release|Any CPU
	EndGlobalSection
	GlobalSection(SolutionProperties) = preSolution
		HideSolutionNode = FALSE
	EndGlobalSection
	GlobalSection(ExtensibilityGlobals) = postSolution
		SolutionGuid = {19CC4583-2D50-471B-A4ED-D5909BF76422}
	EndGlobalSection
EndGlobal
